
Microsoft Visual Studio Solution File, Format Version 12.00
# Visual Studio 15
VisualStudioVersion = 15.0.27130.2010
MinimumVisualStudioVersion = 10.0.40219.1
Project("{FAE04EC0-301F-11D3-BF4B-00C04F79EFBC}") = "AdventOfCode2017", "AdventOfCode2017\AdventOfCode2017.csproj", "{4114059E-B7B3-4093-A772-47D15EB98E08}"
EndProject
Project("{FAE04EC0-301F-11D3-BF4B-00C04F79EFBC}") = "AdventOfCode1", "AdventOfCode1\AdventOfCode1.csproj", "{B746B5F4-2731-4774-9C9D-23DADBA8330F}"
EndProject
Project("{FAE04EC0-301F-11D3-BF4B-00C04F79EFBC}") = "AdventOfCode2", "AdventOfCode2\AdventOfCode2.csproj", "{86C95AB9-86C7-4575-B4D7-CF06A3159D1E}"
EndProject
Project("{FAE04EC0-301F-11D3-BF4B-00C04F79EFBC}") = "AdventOfCode3", "AdventOfCode3\AdventOfCode3.csproj", "{F50D3521-A8A0-44D8-ACBD-4A3249E18F1E}"
EndProject
Project("{FAE04EC0-301F-11D3-BF4B-00C04F79EFBC}") = "AdventOfCode4", "AdventOfCode4\AdventOfCode4.csproj", "{CEA7FE7E-6640-4B6C-A4F9-D674CC521C36}"
EndProject
Project("{FAE04EC0-301F-11D3-BF4B-00C04F79EFBC}") = "AdventOfCode5", "AdventOfCode5\AdventOfCode5.csproj", "{1481F93F-B6A2-4536-8B1C-CD531EB19727}"
EndProject
Project("{FAE04EC0-301F-11D3-BF4B-00C04F79EFBC}") = "AdventOfCode6", "AdventOfCode6\AdventOfCode6.csproj", "{E658BE9B-DD95-4686-A032-48958EC709FD}"
EndProject
Project("{FAE04EC0-301F-11D3-BF4B-00C04F79EFBC}") = "AdventOfCode7", "AdventOfCode7\AdventOfCode7.csproj", "{E0F89C54-6343-4ED5-80ED-8D086FE828B2}"
EndProject
Project("{FAE04EC0-301F-11D3-BF4B-00C04F79EFBC}") = "AdventOfCode8", "AdventOfCode8\AdventOfCode8.csproj", "{EB417688-C899-4B92-873D-8B7768E47B65}"
EndProject
Project("{FAE04EC0-301F-11D3-BF4B-00C04F79EFBC}") = "AdventOfCode9", "AdventOfCode9\AdventOfCode9.csproj", "{353F9BBF-10BD-43B7-A2DD-91D31521D299}"
EndProject
Project("{FAE04EC0-301F-11D3-BF4B-00C04F79EFBC}") = "AdventOfCode10", "AdventOfCode10\AdventOfCode10.csproj", "{9BFB4211-8E85-410A-ADDB-67FC2975BD7B}"
EndProject
Project("{FAE04EC0-301F-11D3-BF4B-00C04F79EFBC}") = "AdventOfCode11", "AdventOfCode11\AdventOfCode11.csproj", "{6BCEB1FD-9E3D-4FB6-93D4-A51C8698172A}"
EndProject
Project("{FAE04EC0-301F-11D3-BF4B-00C04F79EFBC}") = "AdventOfCode12", "AdventOfCode12\AdventOfCode12.csproj", "{BC66D93E-6E15-4892-A6DD-7467EFC8AD32}"
EndProject
Project("{FAE04EC0-301F-11D3-BF4B-00C04F79EFBC}") = "AdventOfCode13", "AdventOfCode13\AdventOfCode13.csproj", "{81006CD9-4DD7-48E3-B3A7-AC5AA9D814AE}"
EndProject
Project("{FAE04EC0-301F-11D3-BF4B-00C04F79EFBC}") = "AdventOfCode14", "AdventOfCode14\AdventOfCode14.csproj", "{7114C549-BD9C-49FE-89CE-F528D7DC07BB}"
EndProject
Project("{FAE04EC0-301F-11D3-BF4B-00C04F79EFBC}") = "AdventOfCode15", "AdventOfCode15\AdventOfCode15.csproj", "{39878A55-3EA6-4FB6-8E0F-87A8A2DEDF56}"
EndProject
Project("{FAE04EC0-301F-11D3-BF4B-00C04F79EFBC}") = "AdventOfCode16", "AdventOfCode16\AdventOfCode16.csproj", "{74F2E9C8-DAD0-48D2-B7FF-417CB4E610D6}"
EndProject
Project("{FAE04EC0-301F-11D3-BF4B-00C04F79EFBC}") = "AdventOfCode17", "AdventOfCode17\AdventOfCode17.csproj", "{5B5BE3E5-279C-4B1D-8775-43CF7E97CFD1}"
EndProject
Project("{FAE04EC0-301F-11D3-BF4B-00C04F79EFBC}") = "AdventOfCode18", "AdventOfCode18\AdventOfCode18.csproj", "{209A215D-5F8C-44B3-AF22-B0054A7A8CD7}"
EndProject
Project("{FAE04EC0-301F-11D3-BF4B-00C04F79EFBC}") = "AdventOfCode19", "AdventOfCode19\AdventOfCode19.csproj", "{5D161A5F-FD9C-4D1D-83DC-855B5DA9840F}"
EndProject
Project("{FAE04EC0-301F-11D3-BF4B-00C04F79EFBC}") = "AdventOfCode20", "AdventOfCode20\AdventOfCode20.csproj", "{5B7EF8F7-FE89-46EF-ADF2-C7A7183AFA76}"
EndProject
Project("{FAE04EC0-301F-11D3-BF4B-00C04F79EFBC}") = "AdventOfCode21", "AdventOfCode21\AdventOfCode21.csproj", "{6D8BF852-4336-4A45-BB11-008450742E25}"
EndProject
Project("{FAE04EC0-301F-11D3-BF4B-00C04F79EFBC}") = "AdventOfCode22", "AdventOfCode22\AdventOfCode22.csproj", "{CAE56430-B62C-4A42-8BFF-8380A7697DEF}"
EndProject
Project("{FAE04EC0-301F-11D3-BF4B-00C04F79EFBC}") = "AdventOfCode23", "AdventOfCode23\AdventOfCode23.csproj", "{2764F5B2-02D1-4667-B9F3-270A20884401}"
EndProject
Project("{FAE04EC0-301F-11D3-BF4B-00C04F79EFBC}") = "AdventOfCode24", "AdventOfCode24\AdventOfCode24.csproj", "{AC241718-3601-4B33-BA2A-D07A0BE30990}"
EndProject
Project("{FAE04EC0-301F-11D3-BF4B-00C04F79EFBC}") = "AdventOfCode25", "AdventOfCode25\AdventOfCode25.csproj", "{FAC26410-AF00-43B1-9F7C-454FA1571CE2}"
EndProject
Global
	GlobalSection(SolutionConfigurationPlatforms) = preSolution
		Debug|Any CPU = Debug|Any CPU
		Release|Any CPU = Release|Any CPU
	EndGlobalSection
	GlobalSection(ProjectConfigurationPlatforms) = postSolution
		{4114059E-B7B3-4093-A772-47D15EB98E08}.Debug|Any CPU.ActiveCfg = Debug|Any CPU
		{4114059E-B7B3-4093-A772-47D15EB98E08}.Debug|Any CPU.Build.0 = Debug|Any CPU
		{4114059E-B7B3-4093-A772-47D15EB98E08}.Release|Any CPU.ActiveCfg = Release|Any CPU
		{4114059E-B7B3-4093-A772-47D15EB98E08}.Release|Any CPU.Build.0 = Release|Any CPU
		{B746B5F4-2731-4774-9C9D-23DADBA8330F}.Debug|Any CPU.ActiveCfg = Debug|Any CPU
		{B746B5F4-2731-4774-9C9D-23DADBA8330F}.Debug|Any CPU.Build.0 = Debug|Any CPU
		{B746B5F4-2731-4774-9C9D-23DADBA8330F}.Release|Any CPU.ActiveCfg = Release|Any CPU
		{B746B5F4-2731-4774-9C9D-23DADBA8330F}.Release|Any CPU.Build.0 = Release|Any CPU
		{86C95AB9-86C7-4575-B4D7-CF06A3159D1E}.Debug|Any CPU.ActiveCfg = Debug|Any CPU
		{86C95AB9-86C7-4575-B4D7-CF06A3159D1E}.Debug|Any CPU.Build.0 = Debug|Any CPU
		{86C95AB9-86C7-4575-B4D7-CF06A3159D1E}.Release|Any CPU.ActiveCfg = Release|Any CPU
		{86C95AB9-86C7-4575-B4D7-CF06A3159D1E}.Release|Any CPU.Build.0 = Release|Any CPU
		{F50D3521-A8A0-44D8-ACBD-4A3249E18F1E}.Debug|Any CPU.ActiveCfg = Debug|Any CPU
		{F50D3521-A8A0-44D8-ACBD-4A3249E18F1E}.Debug|Any CPU.Build.0 = Debug|Any CPU
		{F50D3521-A8A0-44D8-ACBD-4A3249E18F1E}.Release|Any CPU.ActiveCfg = Release|Any CPU
		{F50D3521-A8A0-44D8-ACBD-4A3249E18F1E}.Release|Any CPU.Build.0 = Release|Any CPU
		{CEA7FE7E-6640-4B6C-A4F9-D674CC521C36}.Debug|Any CPU.ActiveCfg = Debug|Any CPU
		{CEA7FE7E-6640-4B6C-A4F9-D674CC521C36}.Debug|Any CPU.Build.0 = Debug|Any CPU
		{CEA7FE7E-6640-4B6C-A4F9-D674CC521C36}.Release|Any CPU.ActiveCfg = Release|Any CPU
		{CEA7FE7E-6640-4B6C-A4F9-D674CC521C36}.Release|Any CPU.Build.0 = Release|Any CPU
		{1481F93F-B6A2-4536-8B1C-CD531EB19727}.Debug|Any CPU.ActiveCfg = Debug|Any CPU
		{1481F93F-B6A2-4536-8B1C-CD531EB19727}.Debug|Any CPU.Build.0 = Debug|Any CPU
		{1481F93F-B6A2-4536-8B1C-CD531EB19727}.Release|Any CPU.ActiveCfg = Release|Any CPU
		{1481F93F-B6A2-4536-8B1C-CD531EB19727}.Release|Any CPU.Build.0 = Release|Any CPU
		{E658BE9B-DD95-4686-A032-48958EC709FD}.Debug|Any CPU.ActiveCfg = Debug|Any CPU
		{E658BE9B-DD95-4686-A032-48958EC709FD}.Debug|Any CPU.Build.0 = Debug|Any CPU
		{E658BE9B-DD95-4686-A032-48958EC709FD}.Release|Any CPU.ActiveCfg = Release|Any CPU
		{E658BE9B-DD95-4686-A032-48958EC709FD}.Release|Any CPU.Build.0 = Release|Any CPU
		{E0F89C54-6343-4ED5-80ED-8D086FE828B2}.Debug|Any CPU.ActiveCfg = Debug|Any CPU
		{E0F89C54-6343-4ED5-80ED-8D086FE828B2}.Debug|Any CPU.Build.0 = Debug|Any CPU
		{E0F89C54-6343-4ED5-80ED-8D086FE828B2}.Release|Any CPU.ActiveCfg = Release|Any CPU
		{E0F89C54-6343-4ED5-80ED-8D086FE828B2}.Release|Any CPU.Build.0 = Release|Any CPU
		{EB417688-C899-4B92-873D-8B7768E47B65}.Debug|Any CPU.ActiveCfg = Debug|Any CPU
		{EB417688-C899-4B92-873D-8B7768E47B65}.Debug|Any CPU.Build.0 = Debug|Any CPU
		{EB417688-C899-4B92-873D-8B7768E47B65}.Release|Any CPU.ActiveCfg = Release|Any CPU
		{EB417688-C899-4B92-873D-8B7768E47B65}.Release|Any CPU.Build.0 = Release|Any CPU
		{353F9BBF-10BD-43B7-A2DD-91D31521D299}.Debug|Any CPU.ActiveCfg = Debug|Any CPU
		{353F9BBF-10BD-43B7-A2DD-91D31521D299}.Debug|Any CPU.Build.0 = Debug|Any CPU
		{353F9BBF-10BD-43B7-A2DD-91D31521D299}.Release|Any CPU.ActiveCfg = Release|Any CPU
		{353F9BBF-10BD-43B7-A2DD-91D31521D299}.Release|Any CPU.Build.0 = Release|Any CPU
		{9BFB4211-8E85-410A-ADDB-67FC2975BD7B}.Debug|Any CPU.ActiveCfg = Debug|Any CPU
		{9BFB4211-8E85-410A-ADDB-67FC2975BD7B}.Debug|Any CPU.Build.0 = Debug|Any CPU
		{9BFB4211-8E85-410A-ADDB-67FC2975BD7B}.Release|Any CPU.ActiveCfg = Release|Any CPU
		{9BFB4211-8E85-410A-ADDB-67FC2975BD7B}.Release|Any CPU.Build.0 = Release|Any CPU
		{6BCEB1FD-9E3D-4FB6-93D4-A51C8698172A}.Debug|Any CPU.ActiveCfg = Debug|Any CPU
		{6BCEB1FD-9E3D-4FB6-93D4-A51C8698172A}.Debug|Any CPU.Build.0 = Debug|Any CPU
		{6BCEB1FD-9E3D-4FB6-93D4-A51C8698172A}.Release|Any CPU.ActiveCfg = Release|Any CPU
		{6BCEB1FD-9E3D-4FB6-93D4-A51C8698172A}.Release|Any CPU.Build.0 = Release|Any CPU
		{BC66D93E-6E15-4892-A6DD-7467EFC8AD32}.Debug|Any CPU.ActiveCfg = Debug|Any CPU
		{BC66D93E-6E15-4892-A6DD-7467EFC8AD32}.Debug|Any CPU.Build.0 = Debug|Any CPU
		{BC66D93E-6E15-4892-A6DD-7467EFC8AD32}.Release|Any CPU.ActiveCfg = Release|Any CPU
		{BC66D93E-6E15-4892-A6DD-7467EFC8AD32}.Release|Any CPU.Build.0 = Release|Any CPU
		{81006CD9-4DD7-48E3-B3A7-AC5AA9D814AE}.Debug|Any CPU.ActiveCfg = Debug|Any CPU
		{81006CD9-4DD7-48E3-B3A7-AC5AA9D814AE}.Debug|Any CPU.Build.0 = Debug|Any CPU
		{81006CD9-4DD7-48E3-B3A7-AC5AA9D814AE}.Release|Any CPU.ActiveCfg = Release|Any CPU
		{81006CD9-4DD7-48E3-B3A7-AC5AA9D814AE}.Release|Any CPU.Build.0 = Release|Any CPU
		{7114C549-BD9C-49FE-89CE-F528D7DC07BB}.Debug|Any CPU.ActiveCfg = Debug|Any CPU
		{7114C549-BD9C-49FE-89CE-F528D7DC07BB}.Debug|Any CPU.Build.0 = Debug|Any CPU
		{7114C549-BD9C-49FE-89CE-F528D7DC07BB}.Release|Any CPU.ActiveCfg = Release|Any CPU
		{7114C549-BD9C-49FE-89CE-F528D7DC07BB}.Release|Any CPU.Build.0 = Release|Any CPU
		{39878A55-3EA6-4FB6-8E0F-87A8A2DEDF56}.Debug|Any CPU.ActiveCfg = Debug|Any CPU
		{39878A55-3EA6-4FB6-8E0F-87A8A2DEDF56}.Debug|Any CPU.Build.0 = Debug|Any CPU
		{39878A55-3EA6-4FB6-8E0F-87A8A2DEDF56}.Release|Any CPU.ActiveCfg = Release|Any CPU
		{39878A55-3EA6-4FB6-8E0F-87A8A2DEDF56}.Release|Any CPU.Build.0 = Release|Any CPU
		{74F2E9C8-DAD0-48D2-B7FF-417CB4E610D6}.Debug|Any CPU.ActiveCfg = Debug|Any CPU
		{74F2E9C8-DAD0-48D2-B7FF-417CB4E610D6}.Debug|Any CPU.Build.0 = Debug|Any CPU
		{74F2E9C8-DAD0-48D2-B7FF-417CB4E610D6}.Release|Any CPU.ActiveCfg = Release|Any CPU
		{74F2E9C8-DAD0-48D2-B7FF-417CB4E610D6}.Release|Any CPU.Build.0 = Release|Any CPU
		{5B5BE3E5-279C-4B1D-8775-43CF7E97CFD1}.Debug|Any CPU.ActiveCfg = Debug|Any CPU
		{5B5BE3E5-279C-4B1D-8775-43CF7E97CFD1}.Debug|Any CPU.Build.0 = Debug|Any CPU
		{5B5BE3E5-279C-4B1D-8775-43CF7E97CFD1}.Release|Any CPU.ActiveCfg = Release|Any CPU
		{5B5BE3E5-279C-4B1D-8775-43CF7E97CFD1}.Release|Any CPU.Build.0 = Release|Any CPU
		{209A215D-5F8C-44B3-AF22-B0054A7A8CD7}.Debug|Any CPU.ActiveCfg = Debug|Any CPU
		{209A215D-5F8C-44B3-AF22-B0054A7A8CD7}.Debug|Any CPU.Build.0 = Debug|Any CPU
		{209A215D-5F8C-44B3-AF22-B0054A7A8CD7}.Release|Any CPU.ActiveCfg = Release|Any CPU
		{209A215D-5F8C-44B3-AF22-B0054A7A8CD7}.Release|Any CPU.Build.0 = Release|Any CPU
		{5D161A5F-FD9C-4D1D-83DC-855B5DA9840F}.Debug|Any CPU.ActiveCfg = Debug|Any CPU
		{5D161A5F-FD9C-4D1D-83DC-855B5DA9840F}.Debug|Any CPU.Build.0 = Debug|Any CPU
		{5D161A5F-FD9C-4D1D-83DC-855B5DA9840F}.Release|Any CPU.ActiveCfg = Release|Any CPU
		{5D161A5F-FD9C-4D1D-83DC-855B5DA9840F}.Release|Any CPU.Build.0 = Release|Any CPU
		{5B7EF8F7-FE89-46EF-ADF2-C7A7183AFA76}.Debug|Any CPU.ActiveCfg = Debug|Any CPU
		{5B7EF8F7-FE89-46EF-ADF2-C7A7183AFA76}.Debug|Any CPU.Build.0 = Debug|Any CPU
		{5B7EF8F7-FE89-46EF-ADF2-C7A7183AFA76}.Release|Any CPU.ActiveCfg = Release|Any CPU
		{5B7EF8F7-FE89-46EF-ADF2-C7A7183AFA76}.Release|Any CPU.Build.0 = Release|Any CPU
		{6D8BF852-4336-4A45-BB11-008450742E25}.Debug|Any CPU.ActiveCfg = Debug|Any CPU
		{6D8BF852-4336-4A45-BB11-008450742E25}.Debug|Any CPU.Build.0 = Debug|Any CPU
		{6D8BF852-4336-4A45-BB11-008450742E25}.Release|Any CPU.ActiveCfg = Release|Any CPU
		{6D8BF852-4336-4A45-BB11-008450742E25}.Release|Any CPU.Build.0 = Release|Any CPU
		{CAE56430-B62C-4A42-8BFF-8380A7697DEF}.Debug|Any CPU.ActiveCfg = Debug|Any CPU
		{CAE56430-B62C-4A42-8BFF-8380A7697DEF}.Debug|Any CPU.Build.0 = Debug|Any CPU
		{CAE56430-B62C-4A42-8BFF-8380A7697DEF}.Release|Any CPU.ActiveCfg = Release|Any CPU
		{CAE56430-B62C-4A42-8BFF-8380A7697DEF}.Release|Any CPU.Build.0 = Release|Any CPU
		{2764F5B2-02D1-4667-B9F3-270A20884401}.Debug|Any CPU.ActiveCfg = Debug|Any CPU
		{2764F5B2-02D1-4667-B9F3-270A20884401}.Debug|Any CPU.Build.0 = Debug|Any CPU
		{2764F5B2-02D1-4667-B9F3-270A20884401}.Release|Any CPU.ActiveCfg = Release|Any CPU
		{2764F5B2-02D1-4667-B9F3-270A20884401}.Release|Any CPU.Build.0 = Release|Any CPU
		{AC241718-3601-4B33-BA2A-D07A0BE30990}.Debug|Any CPU.ActiveCfg = Debug|Any CPU
		{AC241718-3601-4B33-BA2A-D07A0BE30990}.Debug|Any CPU.Build.0 = Debug|Any CPU
		{AC241718-3601-4B33-BA2A-D07A0BE30990}.Release|Any CPU.ActiveCfg = Release|Any CPU
		{AC241718-3601-4B33-BA2A-D07A0BE30990}.Release|Any CPU.Build.0 = Release|Any CPU
		{FAC26410-AF00-43B1-9F7C-454FA1571CE2}.Debug|Any CPU.ActiveCfg = Debug|Any CPU
		{FAC26410-AF00-43B1-9F7C-454FA1571CE2}.Debug|Any CPU.Build.0 = Debug|Any CPU
		{FAC26410-AF00-43B1-9F7C-454FA1571CE2}.Release|Any CPU.ActiveCfg = Release|Any CPU
		{FAC26410-AF00-43B1-9F7C-454FA1571CE2}.Release|Any CPU.Build.0 = Release|Any CPU
	EndGlobalSection
	GlobalSection(SolutionProperties) = preSolution
		HideSolutionNode = FALSE
	EndGlobalSection
	GlobalSection(ExtensibilityGlobals) = postSolution
		SolutionGuid = {A13F0EEA-3818-4B11-9135-62D476551111}
	EndGlobalSection
EndGlobal
